
Microsoft Visual Studio Solution File, Format Version 12.00
# Visual Studio 15
VisualStudioVersion = 15.0.28010.2046
MinimumVisualStudioVersion = 10.0.40219.1
Project("{FAE04EC0-301F-11D3-BF4B-00C04F79EFBC}") = "TodoApi", "TodoApi\TodoApi.csproj", "{ADED4238-1D64-471E-ADA1-E7AA617CF7CC}"
EndProject
Global
	GlobalSection(SolutionConfigurationPlatforms) = preSolution
		Debug|Any CPU = Debug|Any CPU
		Release|Any CPU = Release|Any CPU
	EndGlobalSection
	GlobalSection(ProjectConfigurationPlatforms) = postSolution
		{ADED4238-1D64-471E-ADA1-E7AA617CF7CC}.Debug|Any CPU.ActiveCfg = Debug|Any CPU
		{ADED4238-1D64-471E-ADA1-E7AA617CF7CC}.Debug|Any CPU.Build.0 = Debug|Any CPU
		{ADED4238-1D64-471E-ADA1-E7AA617CF7CC}.Release|Any CPU.ActiveCfg = Release|Any CPU
		{ADED4238-1D64-471E-ADA1-E7AA617CF7CC}.Release|Any CPU.Build.0 = Release|Any CPU
	EndGlobalSection
	GlobalSection(SolutionProperties) = preSolution
		HideSolutionNode = FALSE
	EndGlobalSection
	GlobalSection(ExtensibilityGlobals) = postSolution
		SolutionGuid = {7BA93CB7-B01E-4AEA-B1A0-4C43CEC708BD}
	EndGlobalSection
EndGlobal
